
Microsoft Visual Studio Solution File, Format Version 12.00
# Visual Studio Version 17
VisualStudioVersion = 17.4.33213.308
MinimumVisualStudioVersion = 10.0.40219.1
Project("{9A19103F-16F7-4668-BE54-9A1E7A4F7556}") = "SeamLessCustomerOnboarding", "SeamLessCustomerOnboarding.csproj", "{D5126C54-71A5-44E1-A993-26379A9C875A}"
EndProject
Project("{9A19103F-16F7-4668-BE54-9A1E7A4F7556}") = "MetaMask.Blazor", "..\..\MetaMask.Blazor\MetaMask.Blazor.csproj", "{4FF903E5-5CDD-4755-8B42-711241E9E608}"
EndProject
Global
	GlobalSection(SolutionConfigurationPlatforms) = preSolution
		Debug|Any CPU = Debug|Any CPU
		Release|Any CPU = Release|Any CPU
	EndGlobalSection
	GlobalSection(ProjectConfigurationPlatforms) = postSolution
		{D5126C54-71A5-44E1-A993-26379A9C875A}.Debug|Any CPU.ActiveCfg = Debug|Any CPU
		{D5126C54-71A5-44E1-A993-26379A9C875A}.Debug|Any CPU.Build.0 = Debug|Any CPU
		{D5126C54-71A5-44E1-A993-26379A9C875A}.Release|Any CPU.ActiveCfg = Release|Any CPU
		{D5126C54-71A5-44E1-A993-26379A9C875A}.Release|Any CPU.Build.0 = Release|Any CPU
		{4FF903E5-5CDD-4755-8B42-711241E9E608}.Debug|Any CPU.ActiveCfg = Debug|Any CPU
		{4FF903E5-5CDD-4755-8B42-711241E9E608}.Debug|Any CPU.Build.0 = Debug|Any CPU
		{4FF903E5-5CDD-4755-8B42-711241E9E608}.Release|Any CPU.ActiveCfg = Release|Any CPU
		{4FF903E5-5CDD-4755-8B42-711241E9E608}.Release|Any CPU.Build.0 = Release|Any CPU
	EndGlobalSection
	GlobalSection(SolutionProperties) = preSolution
		HideSolutionNode = FALSE
	EndGlobalSection
	GlobalSection(ExtensibilityGlobals) = postSolution
		SolutionGuid = {52E8E53F-21C5-4D86-B0E0-1856815415AA}
	EndGlobalSection
EndGlobal
